
Microsoft Visual Studio Solution File, Format Version 12.00
# Visual Studio Version 17
VisualStudioVersion = 17.5.33516.290
MinimumVisualStudioVersion = 10.0.40219.1
Project("{9A19103F-16F7-4668-BE54-9A1E7A4F7556}") = "ChapeauUI", "ChapeauUI\ChapeauUI.csproj", "{B0DCD06F-83E0-4764-9F5D-D578E6197E98}"
EndProject
Project("{9A19103F-16F7-4668-BE54-9A1E7A4F7556}") = "ChapeauModel", "ChapeauModel\ChapeauModel.csproj", "{FB8AAE41-4072-4C51-837A-2DEDFB061E98}"
EndProject
Project("{9A19103F-16F7-4668-BE54-9A1E7A4F7556}") = "ChapeauService", "ChapeauService\ChapeauService.csproj", "{D278093D-B35B-4D59-B62F-5B3DCEAFEF62}"
EndProject
Project("{9A19103F-16F7-4668-BE54-9A1E7A4F7556}") = "ChapeauDAL", "ChapeauDAL\ChapeauDAL.csproj", "{7E3A4C89-F39B-4CC0-B8D3-4D4960CE7252}"
EndProject
Global
	GlobalSection(SolutionConfigurationPlatforms) = preSolution
		Debug|Any CPU = Debug|Any CPU
		Release|Any CPU = Release|Any CPU
	EndGlobalSection
	GlobalSection(ProjectConfigurationPlatforms) = postSolution
		{B0DCD06F-83E0-4764-9F5D-D578E6197E98}.Debug|Any CPU.ActiveCfg = Debug|Any CPU
		{B0DCD06F-83E0-4764-9F5D-D578E6197E98}.Debug|Any CPU.Build.0 = Debug|Any CPU
		{B0DCD06F-83E0-4764-9F5D-D578E6197E98}.Release|Any CPU.ActiveCfg = Release|Any CPU
		{B0DCD06F-83E0-4764-9F5D-D578E6197E98}.Release|Any CPU.Build.0 = Release|Any CPU
		{FB8AAE41-4072-4C51-837A-2DEDFB061E98}.Debug|Any CPU.ActiveCfg = Debug|Any CPU
		{FB8AAE41-4072-4C51-837A-2DEDFB061E98}.Debug|Any CPU.Build.0 = Debug|Any CPU
		{FB8AAE41-4072-4C51-837A-2DEDFB061E98}.Release|Any CPU.ActiveCfg = Release|Any CPU
		{FB8AAE41-4072-4C51-837A-2DEDFB061E98}.Release|Any CPU.Build.0 = Release|Any CPU
		{D278093D-B35B-4D59-B62F-5B3DCEAFEF62}.Debug|Any CPU.ActiveCfg = Debug|Any CPU
		{D278093D-B35B-4D59-B62F-5B3DCEAFEF62}.Debug|Any CPU.Build.0 = Debug|Any CPU
		{D278093D-B35B-4D59-B62F-5B3DCEAFEF62}.Release|Any CPU.ActiveCfg = Release|Any CPU
		{D278093D-B35B-4D59-B62F-5B3DCEAFEF62}.Release|Any CPU.Build.0 = Release|Any CPU
		{7E3A4C89-F39B-4CC0-B8D3-4D4960CE7252}.Debug|Any CPU.ActiveCfg = Debug|Any CPU
		{7E3A4C89-F39B-4CC0-B8D3-4D4960CE7252}.Debug|Any CPU.Build.0 = Debug|Any CPU
		{7E3A4C89-F39B-4CC0-B8D3-4D4960CE7252}.Release|Any CPU.ActiveCfg = Release|Any CPU
		{7E3A4C89-F39B-4CC0-B8D3-4D4960CE7252}.Release|Any CPU.Build.0 = Release|Any CPU
	EndGlobalSection
	GlobalSection(SolutionProperties) = preSolution
		HideSolutionNode = FALSE
	EndGlobalSection
	GlobalSection(ExtensibilityGlobals) = postSolution
		SolutionGuid = {B8C08C9B-8970-46C8-8BBA-F97CC8D6E044}
	EndGlobalSection
EndGlobal
